{
  "originHash" : "8a000244804a2d4f0c397a9460e7a2277708edd79fcbb9af794f62d69f4f54c5",
  "pins" : [
    {
      "identity" : "swift-argument-parser",
      "kind" : "remoteSourceControl",
      "location" : "https://github.com/apple/swift-argument-parser.git",
      "state" : {
        "revision" : "626b5b7b2f45e1b0b1c6f4a309296d1d21d7311b",
        "version" : "1.7.1"
      }
    },
    {
      "identity" : "swifttui",
      "kind" : "remoteSourceControl",
      "location" : "https://github.com/rensbreur/SwiftTUI.git",
      "state" : {
        "revision" : "537133031bc2b2731048d00748c69700e1b48185"
      }
    }
  ],
  "version" : 3
}
